// !$*UTF8*$!
{
	archiveVersion = 1;
	classes = {
	};
	objectVersion = 46;
	objects = {

/* Begin PBXBuildFile section */
		B323456F1D811EC000D85286 /* main.m in Sources */ = {isa = PBXBuildFile; fileRef = B323456E1D811EC000D85286 /* main.m */; };
		B32345721D811EC000D85286 /* AppDelegate.m in Sources */ = {isa = PBXBuildFile; fileRef = B32345711D811EC000D85286 /* AppDelegate.m */; };
		B32345751D811EC000D85286 /* ViewController.m in Sources */ = {isa = PBXBuildFile; fileRef = B32345741D811EC000D85286 /* ViewController.m */; };
		B32345781D811EC000D85286 /* Main.storyboard in Resources */ = {isa = PBXBuildFile; fileRef = B32345761D811EC000D85286 /* Main.storyboard */; };
		B323457A1D811EC000D85286 /* Assets.xcassets in Resources */ = {isa = PBXBuildFile; fileRef = B32345791D811EC000D85286 /* Assets.xcassets */; };
		B323457D1D811EC000D85286 /* LaunchScreen.storyboard in Resources */ = {isa = PBXBuildFile; fileRef = B323457B1D811EC000D85286 /* LaunchScreen.storyboard */; };
		B32345861D811EF000D85286 /* SearchBar.m in Sources */ = {isa = PBXBuildFile; fileRef = B32345851D811EF000D85286 /* SearchBar.m */; };
		B32345891D8120C000D85286 /* SearchLogic.m in Sources */ = {isa = PBXBuildFile; fileRef = B32345881D8120C000D85286 /* SearchLogic.m */; };
		B32345961D814A5300D85286 /* BaseSearchBar.m in Sources */ = {isa = PBXBuildFile; fileRef = B32345951D814A5300D85286 /* BaseSearchBar.m */; };
		B32345991D814F4700D85286 /* SearchLogic2.m in Sources */ = {isa = PBXBuildFile; fileRef = B32345981D814F4700D85286 /* SearchLogic2.m */; };
		B323459C1D81500C00D85286 /* HomeSearchBar.m in Sources */ = {isa = PBXBuildFile; fileRef = B323459B1D81500C00D85286 /* HomeSearchBar.m */; };
/* End PBXBuildFile section */

/* Begin PBXFileReference section */
		B323456A1D811EC000D85286 /* SearchDemo.app */ = {isa = PBXFileReference; explicitFileType = wrapper.application; includeInIndex = 0; path = SearchDemo.app; sourceTree = BUILT_PRODUCTS_DIR; };
		B323456E1D811EC000D85286 /* main.m */ = {isa = PBXFileReference; lastKnownFileType = sourcecode.c.objc; path = main.m; sourceTree = "<group>"; };
		B32345701D811EC000D85286 /* AppDelegate.h */ = {isa = PBXFileReference; lastKnownFileType = sourcecode.c.h; path = AppDelegate.h; sourceTree = "<group>"; };
		B32345711D811EC000D85286 /* AppDelegate.m */ = {isa = PBXFileReference; lastKnownFileType = sourcecode.c.objc; path = AppDelegate.m; sourceTree = "<group>"; };
		B32345731D811EC000D85286 /* ViewController.h */ = {isa = PBXFileReference; lastKnownFileType = sourcecode.c.h; path = ViewController.h; sourceTree = "<group>"; };
		B32345741D811EC000D85286 /* ViewController.m */ = {isa = PBXFileReference; lastKnownFileType = sourcecode.c.objc; path = ViewController.m; sourceTree = "<group>"; };
		B32345771D811EC000D85286 /* Base */ = {isa = PBXFileReference; lastKnownFileType = file.storyboard; name = Base; path = Base.lproj/Main.storyboard; sourceTree = "<group>"; };
		B32345791D811EC000D85286 /* Assets.xcassets */ = {isa = PBXFileReference; lastKnownFileType = folder.assetcatalog; path = Assets.xcassets; sourceTree = "<group>"; };
		B323457C1D811EC000D85286 /* Base */ = {isa = PBXFileReference; lastKnownFileType = file.storyboard; name = Base; path = Base.lproj/LaunchScreen.storyboard; sourceTree = "<group>"; };
		B323457E1D811EC000D85286 /* Info.plist */ = {isa = PBXFileReference; lastKnownFileType = text.plist.xml; path = Info.plist; sourceTree = "<group>"; };
		B32345841D811EF000D85286 /* SearchBar.h */ = {isa = PBXFileReference; fileEncoding = 4; lastKnownFileType = sourcecode.c.h; path = SearchBar.h; sourceTree = "<group>"; };
		B32345851D811EF000D85286 /* SearchBar.m */ = {isa = PBXFileReference; fileEncoding = 4; lastKnownFileType = sourcecode.c.objc; path = SearchBar.m; sourceTree = "<group>"; };
		B32345871D8120C000D85286 /* SearchLogic.h */ = {isa = PBXFileReference; fileEncoding = 4; lastKnownFileType = sourcecode.c.h; path = SearchLogic.h; sourceTree = "<group>"; };
		B32345881D8120C000D85286 /* SearchLogic.m */ = {isa = PBXFileReference; fileEncoding = 4; lastKnownFileType = sourcecode.c.objc; path = SearchLogic.m; sourceTree = "<group>"; };
		B32345931D8147EF00D85286 /* SearchProtocol.h */ = {isa = PBXFileReference; lastKnownFileType = sourcecode.c.h; path = SearchProtocol.h; sourceTree = "<group>"; };
		B32345941D814A5300D85286 /* BaseSearchBar.h */ = {isa = PBXFileReference; fileEncoding = 4; lastKnownFileType = sourcecode.c.h; path = BaseSearchBar.h; sourceTree = "<group>"; };
		B32345951D814A5300D85286 /* BaseSearchBar.m */ = {isa = PBXFileReference; fileEncoding = 4; lastKnownFileType = sourcecode.c.objc; path = BaseSearchBar.m; sourceTree = "<group>"; };
		B32345971D814F4700D85286 /* SearchLogic2.h */ = {isa = PBXFileReference; fileEncoding = 4; lastKnownFileType = sourcecode.c.h; path = SearchLogic2.h; sourceTree = "<group>"; };
		B32345981D814F4700D85286 /* SearchLogic2.m */ = {isa = PBXFileReference; fileEncoding = 4; lastKnownFileType = sourcecode.c.objc; path = SearchLogic2.m; sourceTree = "<group>"; };
		B323459A1D81500C00D85286 /* HomeSearchBar.h */ = {isa = PBXFileReference; fileEncoding = 4; lastKnownFileType = sourcecode.c.h; path = HomeSearchBar.h; sourceTree = "<group>"; };
		B323459B1D81500C00D85286 /* HomeSearchBar.m */ = {isa = PBXFileReference; fileEncoding = 4; lastKnownFileType = sourcecode.c.objc; path = HomeSearchBar.m; sourceTree = "<group>"; };
/* End PBXFileReference section */

/* Begin PBXFrameworksBuildPhase section */
		B32345671D811EC000D85286 /* Frameworks */ = {
			isa = PBXFrameworksBuildPhase;
			buildActionMask = 2147483647;
			files = (
			);
			runOnlyForDeploymentPostprocessing = 0;
		};
/* End PBXFrameworksBuildPhase section */

/* Begin PBXGroup section */
		B32345611D811EC000D85286 = {
			isa = PBXGroup;
			children = (
				B323456C1D811EC000D85286 /* SearchDemo */,
				B323456B1D811EC000D85286 /* Products */,
			);
			sourceTree = "<group>";
		};
		B323456B1D811EC000D85286 /* Products */ = {
			isa = PBXGroup;
			children = (
				B323456A1D811EC000D85286 /* SearchDemo.app */,
			);
			name = Products;
			sourceTree = "<group>";
		};
		B323456C1D811EC000D85286 /* SearchDemo */ = {
			isa = PBXGroup;
			children = (
				B323459D1D8153D300D85286 /* SearchBar */,
				B32345701D811EC000D85286 /* AppDelegate.h */,
				B32345711D811EC000D85286 /* AppDelegate.m */,
				B32345731D811EC000D85286 /* ViewController.h */,
				B32345741D811EC000D85286 /* ViewController.m */,
				B32345761D811EC000D85286 /* Main.storyboard */,
				B32345791D811EC000D85286 /* Assets.xcassets */,
				B323457B1D811EC000D85286 /* LaunchScreen.storyboard */,
				B323457E1D811EC000D85286 /* Info.plist */,
				B323456D1D811EC000D85286 /* Supporting Files */,
				B32345871D8120C000D85286 /* SearchLogic.h */,
				B32345881D8120C000D85286 /* SearchLogic.m */,
				B32345971D814F4700D85286 /* SearchLogic2.h */,
				B32345981D814F4700D85286 /* SearchLogic2.m */,
				B323459A1D81500C00D85286 /* HomeSearchBar.h */,
				B323459B1D81500C00D85286 /* HomeSearchBar.m */,
			);
			path = SearchDemo;
			sourceTree = "<group>";
		};
		B323456D1D811EC000D85286 /* Supporting Files */ = {
			isa = PBXGroup;
			children = (
				B323456E1D811EC000D85286 /* main.m */,
			);
			name = "Supporting Files";
			sourceTree = "<group>";
		};
		B323459D1D8153D300D85286 /* SearchBar */ = {
			isa = PBXGroup;
			children = (
				B32345841D811EF000D85286 /* SearchBar.h */,
				B32345851D811EF000D85286 /* SearchBar.m */,
				B32345941D814A5300D85286 /* BaseSearchBar.h */,
				B32345951D814A5300D85286 /* BaseSearchBar.m */,
				B32345931D8147EF00D85286 /* SearchProtocol.h */,
			);
			path = SearchBar;
			sourceTree = "<group>";
		};
/* End PBXGroup section */

/* Begin PBXNativeTarget section */
		B32345691D811EC000D85286 /* SearchDemo */ = {
			isa = PBXNativeTarget;
			buildConfigurationList = B32345811D811EC000D85286 /* Build configuration list for PBXNativeTarget "SearchDemo" */;
			buildPhases = (
				B32345661D811EC000D85286 /* Sources */,
				B32345671D811EC000D85286 /* Frameworks */,
				B32345681D811EC000D85286 /* Resources */,
			);
			buildRules = (
			);
			dependencies = (
			);
			name = SearchDemo;
			productName = SearchDemo;
			productReference = B323456A1D811EC000D85286 /* SearchDemo.app */;
			productType = "com.apple.product-type.application";
		};
/* End PBXNativeTarget section */

/* Begin PBXProject section */
		B32345621D811EC000D85286 /* Project object */ = {
			isa = PBXProject;
			attributes = {
				LastUpgradeCheck = 0720;
				ORGANIZATIONNAME = Clover;
				TargetAttributes = {
					B32345691D811EC000D85286 = {
						CreatedOnToolsVersion = 7.2.1;
					};
				};
			};
			buildConfigurationList = B32345651D811EC000D85286 /* Build configuration list for PBXProject "SearchDemo" */;
			compatibilityVersion = "Xcode 3.2";
			developmentRegion = English;
			hasScannedForEncodings = 0;
			knownRegions = (
				en,
				Base,
			);
			mainGroup = B32345611D811EC000D85286;
			productRefGroup = B323456B1D811EC000D85286 /* Products */;
			projectDirPath = "";
			projectRoot = "";
			targets = (
				B32345691D811EC000D85286 /* SearchDemo */,
			);
		};
/* End PBXProject section */

/* Begin PBXResourcesBuildPhase section */
		B32345681D811EC000D85286 /* Resources */ = {
			isa = PBXResourcesBuildPhase;
			buildActionMask = 2147483647;
			files = (
				B323457D1D811EC000D85286 /* LaunchScreen.storyboard in Resources */,
				B323457A1D811EC000D85286 /* Assets.xcassets in Resources */,
				B32345781D811EC000D85286 /* Main.storyboard in Resources */,
			);
			runOnlyForDeploymentPostprocessing = 0;
		};
/* End PBXResourcesBuildPhase section */

/* Begin PBXSourcesBuildPhase section */
		B32345661D811EC000D85286 /* Sources */ = {
			isa = PBXSourcesBuildPhase;
			buildActionMask = 2147483647;
			files = (
				B32345991D814F4700D85286 /* SearchLogic2.m in Sources */,
				B32345961D814A5300D85286 /* BaseSearchBar.m in Sources */,
				B32345891D8120C000D85286 /* SearchLogic.m in Sources */,
				B32345751D811EC000D85286 /* ViewController.m in Sources */,
				B32345861D811EF000D85286 /* SearchBar.m in Sources */,
				B32345721D811EC000D85286 /* AppDelegate.m in Sources */,
				B323459C1D81500C00D85286 /* HomeSearchBar.m in Sources */,
				B323456F1D811EC000D85286 /* main.m in Sources */,
			);
			runOnlyForDeploymentPostprocessing = 0;
		};
/* End PBXSourcesBuildPhase section */

/* Begin PBXVariantGroup section */
		B32345761D811EC000D85286 /* Main.storyboard */ = {
			isa = PBXVariantGroup;
			children = (
				B32345771D811EC000D85286 /* Base */,
			);
			name = Main.storyboard;
			sourceTree = "<group>";
		};
		B323457B1D811EC000D85286 /* LaunchScreen.storyboard */ = {
			isa = PBXVariantGroup;
			children = (
				B323457C1D811EC000D85286 /* Base */,
			);
			name = LaunchScreen.storyboard;
			sourceTree = "<group>";
		};
/* End PBXVariantGroup section */

/* Begin XCBuildConfiguration section */
		B323457F1D811EC000D85286 /* Debug */ = {
			isa = XCBuildConfiguration;
			buildSettings = {
				ALWAYS_SEARCH_USER_PATHS = NO;
				CLANG_CXX_LANGUAGE_STANDARD = "gnu++0x";
				CLANG_CXX_LIBRARY = "libc++";
				CLANG_ENABLE_MODULES = YES;
				CLANG_ENABLE_OBJC_ARC = YES;
				CLANG_WARN_BOOL_CONVERSION = YES;
				CLANG_WARN_CONSTANT_CONVERSION = YES;
				CLANG_WARN_DIRECT_OBJC_ISA_USAGE = YES_ERROR;
				CLANG_WARN_EMPTY_BODY = YES;
				CLANG_WARN_ENUM_CONVERSION = YES;
				CLANG_WARN_INT_CONVERSION = YES;
				CLANG_WARN_OBJC_ROOT_CLASS = YES_ERROR;
				CLANG_WARN_UNREACHABLE_CODE = YES;
				CLANG_WARN__DUPLICATE_METHOD_MATCH = YES;
				"CODE_SIGN_IDENTITY[sdk=iphoneos*]" = "iPhone Developer";
				COPY_PHASE_STRIP = NO;
				DEBUG_INFORMATION_FORMAT = dwarf;
				ENABLE_STRICT_OBJC_MSGSEND = YES;
				ENABLE_TESTABILITY = YES;
				GCC_C_LANGUAGE_STANDARD = gnu99;
				GCC_DYNAMIC_NO_PIC = NO;
				GCC_NO_COMMON_BLOCKS = YES;
				GCC_OPTIMIZATION_LEVEL = 0;
				GCC_PREPROCESSOR_DEFINITIONS = (
					"DEBUG=1",
					"$(inherited)",
				);
				GCC_WARN_64_TO_32_BIT_CONVERSION = YES;
				GCC_WARN_ABOUT_RETURN_TYPE = YES_ERROR;
				GCC_WARN_UNDECLARED_SELECTOR = YES;
				GCC_WARN_UNINITIALIZED_AUTOS = YES_AGGRESSIVE;
				GCC_WARN_UNUSED_FUNCTION = YES;
				GCC_WARN_UNUSED_VARIABLE = YES;
				IPHONEOS_DEPLOYMENT_TARGET = 9.2;
				MTL_ENABLE_DEBUG_INFO = YES;
				ONLY_ACTIVE_ARCH = YES;
				SDKROOT = iphoneos;
				TARGETED_DEVICE_FAMILY = "1,2";
			};
			name = Debug;
		};
		B32345801D811EC000D85286 /* Release */ = {
			isa = XCBuildConfiguration;
			buildSettings = {
				ALWAYS_SEARCH_USER_PATHS = NO;
				CLANG_CXX_LANGUAGE_STANDARD = "gnu++0x";
				CLANG_CXX_LIBRARY = "libc++";
				CLANG_ENABLE_MODULES = YES;
				CLANG_ENABLE_OBJC_ARC = YES;
				CLANG_WARN_BOOL_CONVERSION = YES;
				CLANG_WARN_CONSTANT_CONVERSION = YES;
				CLANG_WARN_DIRECT_OBJC_ISA_USAGE = YES_ERROR;
				CLANG_WARN_EMPTY_BODY = YES;
				CLANG_WARN_ENUM_CONVERSION = YES;
				CLANG_WARN_INT_CONVERSION = YES;
				CLANG_WARN_OBJC_ROOT_CLASS = YES_ERROR;
				CLANG_WARN_UNREACHABLE_CODE = YES;
				CLANG_WARN__DUPLICATE_METHOD_MATCH = YES;
				"CODE_SIGN_IDENTITY[sdk=iphoneos*]" = "iPhone Developer";
				COPY_PHASE_STRIP = NO;
				DEBUG_INFORMATION_FORMAT = "dwarf-with-dsym";
				ENABLE_NS_ASSERTIONS = NO;
				ENABLE_STRICT_OBJC_MSGSEND = YES;
				GCC_C_LANGUAGE_STANDARD = gnu99;
				GCC_NO_COMMON_BLOCKS = YES;
				GCC_WARN_64_TO_32_BIT_CONVERSION = YES;
				GCC_WARN_ABOUT_RETURN_TYPE = YES_ERROR;
				GCC_WARN_UNDECLARED_SELECTOR = YES;
				GCC_WARN_UNINITIALIZED_AUTOS = YES_AGGRESSIVE;
				GCC_WARN_UNUSED_FUNCTION = YES;
				GCC_WARN_UNUSED_VARIABLE = YES;
				IPHONEOS_DEPLOYMENT_TARGET = 9.2;
				MTL_ENABLE_DEBUG_INFO = NO;
				SDKROOT = iphoneos;
				TARGETED_DEVICE_FAMILY = "1,2";
				VALIDATE_PRODUCT = YES;
			};
			name = Release;
		};
		B32345821D811EC000D85286 /* Debug */ = {
			isa = XCBuildConfiguration;
			buildSettings = {
				ASSETCATALOG_COMPILER_APPICON_NAME = AppIcon;
				INFOPLIST_FILE = SearchDemo/Info.plist;
				IPHONEOS_DEPLOYMENT_TARGET = 8.0;
				LD_RUNPATH_SEARCH_PATHS = "$(inherited) @executable_path/Frameworks";
				PRODUCT_BUNDLE_IDENTIFIER = com.realswifter.SearchDemo;
				PRODUCT_NAME = "$(TARGET_NAME)";
			};
			name = Debug;
		};
		B32345831D811EC000D85286 /* Release */ = {
			isa = XCBuildConfiguration;
			buildSettings = {
				ASSETCATALOG_COMPILER_APPICON_NAME = AppIcon;
				INFOPLIST_FILE = SearchDemo/Info.plist;
				IPHONEOS_DEPLOYMENT_TARGET = 8.0;
				LD_RUNPATH_SEARCH_PATHS = "$(inherited) @executable_path/Frameworks";
				PRODUCT_BUNDLE_IDENTIFIER = com.realswifter.SearchDemo;
				PRODUCT_NAME = "$(TARGET_NAME)";
			};
			name = Release;
		};
/* End XCBuildConfiguration section */

/* Begin XCConfigurationList section */
		B32345651D811EC000D85286 /* Build configuration list for PBXProject "SearchDemo" */ = {
			isa = XCConfigurationList;
			buildConfigurations = (
				B323457F1D811EC000D85286 /* Debug */,
				B32345801D811EC000D85286 /* Release */,
			);
			defaultConfigurationIsVisible = 0;
			defaultConfigurationName = Release;
		};
		B32345811D811EC000D85286 /* Build configuration list for PBXNativeTarget "SearchDemo" */ = {
			isa = XCConfigurationList;
			buildConfigurations = (
				B32345821D811EC000D85286 /* Debug */,
				B32345831D811EC000D85286 /* Release */,
			);
			defaultConfigurationIsVisible = 0;
		};
/* End XCConfigurationList section */
	};
	rootObject = B32345621D811EC000D85286 /* Project object */;
}
